{
  "name": "klodnicki-crypto-tools",
  "version": "0.0.1",
  "lockfileVersion": 1,
  "requires": true,
  "dependencies": {
    "ccxt": {
      "version": "1.50.29",
      "resolved": "https://registry.npmjs.org/ccxt/-/ccxt-1.50.29.tgz",
      "integrity": "sha512-UtLxamO1FPdhwCa0HTCokNyER366SvkOz/ad72C+CkqmOnVe4iI1XCEURV93pIKNyaG8LJerZB1s8Yx5vUbGUQ=="
    }
  }
}
